github.com/ghhenry/intsqrt v0.0.0-20190316182902-24a2ebe55a5b h1:4E6hT/0hUMK8eGziBngROTQO0rt5UIUSnkCQ7GbHKEE=
github.com/ghhenry/intsqrt v0.0.0-20190316182902-24a2ebe55a5b/go.mod h1:/WsuPZ6cUecCq+WS3ebKtGcuaY6AUcQZ18JIe8EvUS8=
github.com/ghhenry/intsqrt v0.0.0-20200501082205-20ee6e5955e1 h1:U1QaYCaFwkECDvuR1Drfuob8VMLf8+k3JO4vdE4c0T4=
github.com/ghhenry/intsqrt v0.0.0-20200501082205-20ee6e5955e1/go.mod h1:YZT50PbJW5AjSMxmrwJWPfw3xC+qOtsIYKnAZ+mLPVE=
github.com/soniakeys/integer v1.0.0 h1:AT113Q6L1jBvD2RxWN7lWjWszqjJmXkVvdO3mg0x3oA=
github.com/soniakeys/integer v1.0.0/go.mod h1:Un1sOTfmXGrWDb2oS2IQDCK6J3oCdpAtB2BKtqtwawA=
